{
  "originHash" : "6e2c9bb88ba18c1ecf187e1aadff4452cdaa6135016e7b56395855817c697e84",
  "pins" : [
    {
      "identity" : "logger-swift",
      "kind" : "remoteSourceControl",
      "location" : "https://github.com/Corbin-Bigler/logger-swift.git",
      "state" : {
        "revision" : "c0897a27e87700142d6e66f6e576f8cf004d1c2d",
        "version" : "0.0.3"
      }
    }
  ],
  "version" : 3
}
