{
  "originHash" : "6e2c9bb88ba18c1ecf187e1aadff4452cdaa6135016e7b56395855817c697e84",
  "pins" : [
    {
      "identity" : "logger-swift",
      "kind" : "remoteSourceControl",
      "location" : "https://github.com/Corbin-Bigler/logger-swift.git",
      "state" : {
        "revision" : "ef3b9c64985f8f9201471510ce749d7ee08f8403",
        "version" : "0.0.5"
      }
    }
  ],
  "version" : 3
}
